
Microsoft Visual Studio Solution File, Format Version 12.00
# Visual Studio Version 16
VisualStudioVersion = 16.0.32002.261
MinimumVisualStudioVersion = 10.0.40219.1
Project("{FAE04EC0-301F-11D3-BF4B-00C04F79EFBC}") = "TiresWheelsProject", "TiresWheelsProject\TiresWheelsProject.csproj", "{37531695-906F-4CC1-A754-630FB5ABFF20}"
EndProject
Global
	GlobalSection(SolutionConfigurationPlatforms) = preSolution
		Debug|Any CPU = Debug|Any CPU
		Release|Any CPU = Release|Any CPU
	EndGlobalSection
	GlobalSection(ProjectConfigurationPlatforms) = postSolution
		{37531695-906F-4CC1-A754-630FB5ABFF20}.Debug|Any CPU.ActiveCfg = Debug|Any CPU
		{37531695-906F-4CC1-A754-630FB5ABFF20}.Debug|Any CPU.Build.0 = Debug|Any CPU
		{37531695-906F-4CC1-A754-630FB5ABFF20}.Release|Any CPU.ActiveCfg = Release|Any CPU
		{37531695-906F-4CC1-A754-630FB5ABFF20}.Release|Any CPU.Build.0 = Release|Any CPU
	EndGlobalSection
	GlobalSection(SolutionProperties) = preSolution
		HideSolutionNode = FALSE
	EndGlobalSection
	GlobalSection(ExtensibilityGlobals) = postSolution
		SolutionGuid = {A769FD1A-FE91-4417-9F96-AB1520405A08}
	EndGlobalSection
EndGlobal
